
Microsoft Visual Studio Solution File, Format Version 12.00
# Visual Studio 2013
VisualStudioVersion = 12.0.30324.0
MinimumVisualStudioVersion = 10.0.40219.1
Project("{FAE04EC0-301F-11D3-BF4B-00C04F79EFBC}") = "ChatMessages", "examples\Chat\ChatMessages\ChatMessages.csproj", "{819221CB-82B7-43D3-A4DE-E00AF17F2FDF}"
EndProject
Project("{FAE04EC0-301F-11D3-BF4B-00C04F79EFBC}") = "ChatClient", "examples\Chat\ChatClient\ChatClient.csproj", "{69AED1DD-02E1-423F-950C-DE6010DFA346}"
EndProject
Project("{2150E333-8FDC-42A3-9474-1A3956D46DE8}") = "Examples", "Examples", "{69279534-1DBA-4115-BF8B-03F77FC8125E}"
EndProject
Project("{2150E333-8FDC-42A3-9474-1A3956D46DE8}") = "Chat", "Chat", "{3AA1E79A-F641-4115-BF84-96ECE552EC95}"
EndProject
Project("{2150E333-8FDC-42A3-9474-1A3956D46DE8}") = "Benchmark", "Benchmark", "{73108242-625A-4D7B-AA09-63375DBAE464}"
EndProject
Project("{2150E333-8FDC-42A3-9474-1A3956D46DE8}") = "Core", "Core", "{01167D3C-49C4-4CDE-9787-C176D139ACDD}"
EndProject
Project("{FAE04EC0-301F-11D3-BF4B-00C04F79EFBC}") = "ChatServer", "examples\Chat\ChatServer\ChatServer.csproj", "{7FD886CC-216B-4324-9AB2-241494598B06}"
EndProject
Project("{2150E333-8FDC-42A3-9474-1A3956D46DE8}") = "Protobuf", "Protobuf", "{98CEB6FB-A277-42FA-A98E-99A8640B26FD}"
	ProjectSection(SolutionItems) = preProject
		core\protobuf\ContainerFormats.proto = core\protobuf\ContainerFormats.proto
		core\protobuf\csharp_options.proto = core\protobuf\csharp_options.proto
		core\protobuf\descriptor.proto = core\protobuf\descriptor.proto
		core\protobuf\WireFormats.proto = core\protobuf\WireFormats.proto
	EndProjectSection
EndProject
Project("{2150E333-8FDC-42A3-9474-1A3956D46DE8}") = "FSharp", "FSharp", "{E814B432-DBC2-4372-92C6-70B9198613BD}"
EndProject
Project("{2150E333-8FDC-42A3-9474-1A3956D46DE8}") = "Routing", "Routing", "{45215639-D279-49B4-B11E-0337D1FE9364}"
EndProject
Project("{FAE04EC0-301F-11D3-BF4B-00C04F79EFBC}") = "Routing", "examples\Routing\Routing.csproj", "{2CEC4A63-31ED-44E8-B1A6-7EEEB190117D}"
EndProject
Project("{2150E333-8FDC-42A3-9474-1A3956D46DE8}") = ".nuget", ".nuget", "{8A15341C-5596-4F4D-949D-2CD9A0006E12}"
	ProjectSection(SolutionItems) = preProject
		.nuget\NuGet.Config = .nuget\NuGet.Config
		.nuget\NuGet.exe = .nuget\NuGet.exe
		.nuget\NuGet.targets = .nuget\NuGet.targets
	EndProjectSection
EndProject
Project("{2150E333-8FDC-42A3-9474-1A3956D46DE8}") = "Stocks", "Stocks", "{D92D674A-7671-4D26-B3C5-ADB7EF220CFD}"
EndProject
Project("{FAE04EC0-301F-11D3-BF4B-00C04F79EFBC}") = "SymbolLookup", "examples\Stocks\SymbolLookup\SymbolLookup.csproj", "{3007A692-A050-4F12-9187-4AE6C6106A66}"
EndProject
Project("{2150E333-8FDC-42A3-9474-1A3956D46DE8}") = "RemoteDeploy", "RemoteDeploy", "{B555BA52-1911-426B-8018-D303D7228748}"
EndProject
Project("{FAE04EC0-301F-11D3-BF4B-00C04F79EFBC}") = "Shared", "examples\RemoteDeploy\Shared\Shared.csproj", "{93EDACD8-F6BA-43A7-9FD7-D3D4156ADBC0}"
EndProject
Project("{FAE04EC0-301F-11D3-BF4B-00C04F79EFBC}") = "System1", "examples\RemoteDeploy\System1\System1.csproj", "{14873709-8C2E-485E-BF74-2423227DB59B}"
EndProject
Project("{FAE04EC0-301F-11D3-BF4B-00C04F79EFBC}") = "System2", "examples\RemoteDeploy\System2\System2.csproj", "{56B7C019-AA7A-4194-AFA5-3D3F1A4B6393}"
EndProject
Project("{FAE04EC0-301F-11D3-BF4B-00C04F79EFBC}") = "Akka.slf4net", "contrib\loggers\Akka.slf4net\Akka.slf4net.csproj", "{104D8378-117D-411F-B921-BFBFBC55B46B}"
EndProject
Project("{F2A71F9B-5D33-465A-A702-920D77279786}") = "Akka.FSharp.Tests", "core\Akka.FSharp.Tests\Akka.FSharp.Tests.fsproj", "{D0AC89AC-E6AB-4B16-BFBA-64C675D17ABD}"
EndProject
Project("{FAE04EC0-301F-11D3-BF4B-00C04F79EFBC}") = "Akka.Remote.Tests", "core\Akka.Remote.Tests\Akka.Remote.Tests.csproj", "{95E921AB-1F5A-4AF9-B7FE-284E317A97F4}"
EndProject
Project("{FAE04EC0-301F-11D3-BF4B-00C04F79EFBC}") = "Akka.TestKit", "core\Akka.TestKit\Akka.TestKit.csproj", "{0D3CBAD0-BBDB-43E5-AFC4-ED1D3ECDC224}"
EndProject
Project("{FAE04EC0-301F-11D3-BF4B-00C04F79EFBC}") = "Akka.Tests", "core\Akka.Tests\Akka.Tests.csproj", "{3F786C7D-70E3-4836-8B33-EC9A5AF72330}"
EndProject
Project("{FAE04EC0-301F-11D3-BF4B-00C04F79EFBC}") = "Akka.Remote", "core\Akka.Remote\Akka.Remote.csproj", "{EA4FF8FD-7C53-49C8-B9AA-02E458B3E6A7}"
EndProject
Project("{F2A71F9B-5D33-465A-A702-920D77279786}") = "Akka.FSharp", "core\Akka.FSharp\Akka.FSharp.fsproj", "{81574240-BC31-4BE4-B447-ADF0D32F4246}"
EndProject
Project("{FAE04EC0-301F-11D3-BF4B-00C04F79EFBC}") = "Akka", "core\Akka\Akka.csproj", "{5DEDDF90-37F0-48D3-A0B0-A5CBD8A7E377}"
EndProject
Project("{F2A71F9B-5D33-465A-A702-920D77279786}") = "FSharp.Api", "examples\FSharp.Api\FSharp.Api.fsproj", "{19993C0B-8F9D-4FE4-B047-45965EA66BA2}"
EndProject
Project("{FAE04EC0-301F-11D3-BF4B-00C04F79EFBC}") = "PingPong", "benchmark\PingPong\PingPong.csproj", "{956F7D26-4505-4A26-86D0-73135BD35A93}"
EndProject
Project("{2150E333-8FDC-42A3-9474-1A3956D46DE8}") = "Build", "Build", "{10C5B1E8-15B5-4EB3-81AE-1FC054FE1305}"
	ProjectSection(SolutionItems) = preProject
		build.fsx = build.fsx
	EndProjectSection
EndProject
Project("{2150E333-8FDC-42A3-9474-1A3956D46DE8}") = "TimeServer", "TimeServer", "{E17B704F-3DF0-4723-8E83-43DC8D33997A}"
EndProject
Project("{FAE04EC0-301F-11D3-BF4B-00C04F79EFBC}") = "TimeServer", "examples\TimeServer\TimeServer\TimeServer.csproj", "{EB9BEE97-7B2C-44B7-8636-237A8E4171C7}"
EndProject
Project("{FAE04EC0-301F-11D3-BF4B-00C04F79EFBC}") = "TimeClient", "examples\TimeServer\TimeClient\TimeClient.csproj", "{3D7C22A1-E999-4B01-BE94-9C54B31A4FF1}"
EndProject
Project("{2150E333-8FDC-42A3-9474-1A3956D46DE8}") = "Contrib", "Contrib", "{588C1513-FAB6-42C3-B6FC-3485F13620CF}"
EndProject
Project("{FAE04EC0-301F-11D3-BF4B-00C04F79EFBC}") = "Akka.NLog", "contrib\loggers\Akka.NLog\Akka.NLog.csproj", "{A8AA2D7E-3D35-44DF-AF92-80A2C39C1F4D}"
EndProject
Project("{2150E333-8FDC-42A3-9474-1A3956D46DE8}") = "Loggers", "Loggers", "{FFEC736B-EDA3-433C-8564-7C14676601A1}"
EndProject
Project("{FAE04EC0-301F-11D3-BF4B-00C04F79EFBC}") = "Akka.TestKit.Tests", "core\Akka.Testkit.Tests\Akka.TestKit.Tests.csproj", "{D2BED2D5-B152-48C1-9818-1097BECDDF98}"
EndProject
Project("{2150E333-8FDC-42A3-9474-1A3956D46DE8}") = "RTS", "RTS", "{99254FFA-7312-446A-B2D4-5FCC4FA9A13A}"
EndProject
Project("{2150E333-8FDC-42A3-9474-1A3956D46DE8}") = "RTS.Core", "RTS.Core", "{03868690-EC4F-4D7C-AA32-1CD25AB6959C}"
EndProject
Project("{FAE04EC0-301F-11D3-BF4B-00C04F79EFBC}") = "RTS.Core", "RTS\RTS.Core\RTS.Core.csproj", "{746B8F98-712D-4BEF-9922-AC09CCAEF5AD}"
EndProject
Project("{2150E333-8FDC-42A3-9474-1A3956D46DE8}") = "RTS.Networking", "RTS.Networking", "{F65BB959-0ED7-477B-A390-E7194361F18F}"
EndProject
Project("{2150E333-8FDC-42A3-9474-1A3956D46DE8}") = "RTS.Entities", "RTS.Entities", "{FFE2828D-05FC-42CD-A7C9-97CB57E40BA0}"
EndProject
Project("{2150E333-8FDC-42A3-9474-1A3956D46DE8}") = "RTS.Data", "RTS.Data", "{75192C94-78AF-4E2D-B6CB-4BA6A289FE79}"
EndProject
Project("{FAE04EC0-301F-11D3-BF4B-00C04F79EFBC}") = "RTS.DataStructures", "RTS\RTS.Data\DataStructures\RTS.DataStructures.csproj", "{2C6A9E1F-87D2-4AEF-B872-8ABAD5B16CBE}"
EndProject
Project("{FAE04EC0-301F-11D3-BF4B-00C04F79EFBC}") = "RTS.Entities.Interfaces", "RTS\RTS.Entities\RTS.Entities.Interfaces\RTS.Entities.Interfaces.csproj", "{3A4143DA-D595-4D8B-B0FB-341A1B91B498}"
EndProject
Project("{FAE04EC0-301F-11D3-BF4B-00C04F79EFBC}") = "RTS.Entities", "RTS\RTS.Entities\RTS.Entities\RTS.Entities.csproj", "{EB475B73-76DE-43FE-9396-D22327CECAEA}"
EndProject
Project("{FAE04EC0-301F-11D3-BF4B-00C04F79EFBC}") = "RTS.Commands", "RTS\RTS.Networking\RTS.Commands\RTS.Commands.csproj", "{6FC5CE53-9259-47BA-B038-0DF100079DD2}"
EndProject
Project("{FAE04EC0-301F-11D3-BF4B-00C04F79EFBC}") = "RTS.Networking", "RTS\RTS.Networking\RTS.Networking\RTS.Networking.csproj", "{EE30C9AA-95E1-4329-9D47-86F1D6A288E3}"
EndProject
Project("{FAE04EC0-301F-11D3-BF4B-00C04F79EFBC}") = "RTS.Networking.Helios", "RTS\RTS.Networking\RTS.Networking.Helios\RTS.Networking.Helios.csproj", "{D6372D04-3C9C-4890-A797-671D443092B3}"
EndProject
Project("{FAE04EC0-301F-11D3-BF4B-00C04F79EFBC}") = "RTS.Networking.Interfaces", "RTS\RTS.Networking\RTS.Networking.Interfaces\RTS.Networking.Interfaces.csproj", "{A6AA7149-25C8-4DBE-ACE9-98FDD7661D38}"
EndProject
Project("{2150E333-8FDC-42A3-9474-1A3956D46DE8}") = "RTS.Host", "RTS.Host", "{9B1A6AAE-5755-4164-B68D-1F8E1E7255A7}"
EndProject
Project("{FAE04EC0-301F-11D3-BF4B-00C04F79EFBC}") = "RTS.Host", "RTS\RTS.Host\RTS.Host\RTS.Host.csproj", "{64D52668-0570-4934-B447-DC3527CC366A}"
EndProject
Project("{FAE04EC0-301F-11D3-BF4B-00C04F79EFBC}") = "RTS.Commands.Interfaces", "RTS.Commands.Interfaces\RTS.Commands.Interfaces.csproj", "{3C16668D-86D0-424B-97AB-AF5868B6943E}"
EndProject
Global
	GlobalSection(SolutionConfigurationPlatforms) = preSolution
		Debug Mono|Any CPU = Debug Mono|Any CPU
		Debug Mono|x64 = Debug Mono|x64
		Debug|Any CPU = Debug|Any CPU
		Debug|x64 = Debug|x64
		Release Mono|Any CPU = Release Mono|Any CPU
		Release Mono|x64 = Release Mono|x64
		Release|Any CPU = Release|Any CPU
		Release|x64 = Release|x64
		x64|Any CPU = x64|Any CPU
		x64|x64 = x64|x64
	EndGlobalSection
	GlobalSection(ProjectConfigurationPlatforms) = postSolution
		{819221CB-82B7-43D3-A4DE-E00AF17F2FDF}.Debug Mono|Any CPU.ActiveCfg = Debug Mono|Any CPU
		{819221CB-82B7-43D3-A4DE-E00AF17F2FDF}.Debug Mono|Any CPU.Build.0 = Debug Mono|Any CPU
		{819221CB-82B7-43D3-A4DE-E00AF17F2FDF}.Debug Mono|x64.ActiveCfg = Debug Mono|Any CPU
		{819221CB-82B7-43D3-A4DE-E00AF17F2FDF}.Debug|Any CPU.ActiveCfg = Debug|Any CPU
		{819221CB-82B7-43D3-A4DE-E00AF17F2FDF}.Debug|Any CPU.Build.0 = Debug|Any CPU
		{819221CB-82B7-43D3-A4DE-E00AF17F2FDF}.Debug|x64.ActiveCfg = Debug|Any CPU
		{819221CB-82B7-43D3-A4DE-E00AF17F2FDF}.Release Mono|Any CPU.ActiveCfg = Release Mono|Any CPU
		{819221CB-82B7-43D3-A4DE-E00AF17F2FDF}.Release Mono|Any CPU.Build.0 = Release Mono|Any CPU
		{819221CB-82B7-43D3-A4DE-E00AF17F2FDF}.Release Mono|x64.ActiveCfg = Release Mono|Any CPU
		{819221CB-82B7-43D3-A4DE-E00AF17F2FDF}.Release|Any CPU.ActiveCfg = Release|Any CPU
		{819221CB-82B7-43D3-A4DE-E00AF17F2FDF}.Release|Any CPU.Build.0 = Release|Any CPU
		{819221CB-82B7-43D3-A4DE-E00AF17F2FDF}.Release|x64.ActiveCfg = Release|Any CPU
		{819221CB-82B7-43D3-A4DE-E00AF17F2FDF}.x64|Any CPU.ActiveCfg = Release|Any CPU
		{819221CB-82B7-43D3-A4DE-E00AF17F2FDF}.x64|Any CPU.Build.0 = Release|Any CPU
		{819221CB-82B7-43D3-A4DE-E00AF17F2FDF}.x64|x64.ActiveCfg = Release|Any CPU
		{69AED1DD-02E1-423F-950C-DE6010DFA346}.Debug Mono|Any CPU.ActiveCfg = Debug Mono|Any CPU
		{69AED1DD-02E1-423F-950C-DE6010DFA346}.Debug Mono|Any CPU.Build.0 = Debug Mono|Any CPU
		{69AED1DD-02E1-423F-950C-DE6010DFA346}.Debug Mono|x64.ActiveCfg = Debug Mono|Any CPU
		{69AED1DD-02E1-423F-950C-DE6010DFA346}.Debug|Any CPU.ActiveCfg = Debug|Any CPU
		{69AED1DD-02E1-423F-950C-DE6010DFA346}.Debug|Any CPU.Build.0 = Debug|Any CPU
		{69AED1DD-02E1-423F-950C-DE6010DFA346}.Debug|x64.ActiveCfg = Debug|Any CPU
		{69AED1DD-02E1-423F-950C-DE6010DFA346}.Release Mono|Any CPU.ActiveCfg = Release Mono|Any CPU
		{69AED1DD-02E1-423F-950C-DE6010DFA346}.Release Mono|Any CPU.Build.0 = Release Mono|Any CPU
		{69AED1DD-02E1-423F-950C-DE6010DFA346}.Release Mono|x64.ActiveCfg = Release Mono|Any CPU
		{69AED1DD-02E1-423F-950C-DE6010DFA346}.Release|Any CPU.ActiveCfg = Release|Any CPU
		{69AED1DD-02E1-423F-950C-DE6010DFA346}.Release|Any CPU.Build.0 = Release|Any CPU
		{69AED1DD-02E1-423F-950C-DE6010DFA346}.Release|x64.ActiveCfg = Release|Any CPU
		{69AED1DD-02E1-423F-950C-DE6010DFA346}.x64|Any CPU.ActiveCfg = Release|Any CPU
		{69AED1DD-02E1-423F-950C-DE6010DFA346}.x64|Any CPU.Build.0 = Release|Any CPU
		{69AED1DD-02E1-423F-950C-DE6010DFA346}.x64|x64.ActiveCfg = Release|Any CPU
		{7FD886CC-216B-4324-9AB2-241494598B06}.Debug Mono|Any CPU.ActiveCfg = Debug Mono|Any CPU
		{7FD886CC-216B-4324-9AB2-241494598B06}.Debug Mono|Any CPU.Build.0 = Debug Mono|Any CPU
		{7FD886CC-216B-4324-9AB2-241494598B06}.Debug Mono|x64.ActiveCfg = Debug Mono|Any CPU
		{7FD886CC-216B-4324-9AB2-241494598B06}.Debug|Any CPU.ActiveCfg = Debug|Any CPU
		{7FD886CC-216B-4324-9AB2-241494598B06}.Debug|Any CPU.Build.0 = Debug|Any CPU
		{7FD886CC-216B-4324-9AB2-241494598B06}.Debug|x64.ActiveCfg = Debug|Any CPU
		{7FD886CC-216B-4324-9AB2-241494598B06}.Release Mono|Any CPU.ActiveCfg = Release Mono|Any CPU
		{7FD886CC-216B-4324-9AB2-241494598B06}.Release Mono|Any CPU.Build.0 = Release Mono|Any CPU
		{7FD886CC-216B-4324-9AB2-241494598B06}.Release Mono|x64.ActiveCfg = Release Mono|Any CPU
		{7FD886CC-216B-4324-9AB2-241494598B06}.Release|Any CPU.ActiveCfg = Release|Any CPU
		{7FD886CC-216B-4324-9AB2-241494598B06}.Release|Any CPU.Build.0 = Release|Any CPU
		{7FD886CC-216B-4324-9AB2-241494598B06}.Release|x64.ActiveCfg = Release|Any CPU
		{7FD886CC-216B-4324-9AB2-241494598B06}.x64|Any CPU.ActiveCfg = Release|Any CPU
		{7FD886CC-216B-4324-9AB2-241494598B06}.x64|Any CPU.Build.0 = Release|Any CPU
		{7FD886CC-216B-4324-9AB2-241494598B06}.x64|x64.ActiveCfg = Release|Any CPU
		{2CEC4A63-31ED-44E8-B1A6-7EEEB190117D}.Debug Mono|Any CPU.ActiveCfg = Debug Mono|Any CPU
		{2CEC4A63-31ED-44E8-B1A6-7EEEB190117D}.Debug Mono|Any CPU.Build.0 = Debug Mono|Any CPU
		{2CEC4A63-31ED-44E8-B1A6-7EEEB190117D}.Debug Mono|x64.ActiveCfg = Debug Mono|Any CPU
		{2CEC4A63-31ED-44E8-B1A6-7EEEB190117D}.Debug|Any CPU.ActiveCfg = Debug|Any CPU
		{2CEC4A63-31ED-44E8-B1A6-7EEEB190117D}.Debug|Any CPU.Build.0 = Debug|Any CPU
		{2CEC4A63-31ED-44E8-B1A6-7EEEB190117D}.Debug|x64.ActiveCfg = Debug|Any CPU
		{2CEC4A63-31ED-44E8-B1A6-7EEEB190117D}.Release Mono|Any CPU.ActiveCfg = Release Mono|Any CPU
		{2CEC4A63-31ED-44E8-B1A6-7EEEB190117D}.Release Mono|Any CPU.Build.0 = Release Mono|Any CPU
		{2CEC4A63-31ED-44E8-B1A6-7EEEB190117D}.Release Mono|x64.ActiveCfg = Release Mono|Any CPU
		{2CEC4A63-31ED-44E8-B1A6-7EEEB190117D}.Release|Any CPU.ActiveCfg = Release|Any CPU
		{2CEC4A63-31ED-44E8-B1A6-7EEEB190117D}.Release|Any CPU.Build.0 = Release|Any CPU
		{2CEC4A63-31ED-44E8-B1A6-7EEEB190117D}.Release|x64.ActiveCfg = Release|Any CPU
		{2CEC4A63-31ED-44E8-B1A6-7EEEB190117D}.x64|Any CPU.ActiveCfg = Release|Any CPU
		{2CEC4A63-31ED-44E8-B1A6-7EEEB190117D}.x64|Any CPU.Build.0 = Release|Any CPU
		{2CEC4A63-31ED-44E8-B1A6-7EEEB190117D}.x64|x64.ActiveCfg = Release|Any CPU
		{3007A692-A050-4F12-9187-4AE6C6106A66}.Debug Mono|Any CPU.ActiveCfg = Debug Mono|Any CPU
		{3007A692-A050-4F12-9187-4AE6C6106A66}.Debug Mono|Any CPU.Build.0 = Debug Mono|Any CPU
		{3007A692-A050-4F12-9187-4AE6C6106A66}.Debug Mono|x64.ActiveCfg = Debug Mono|Any CPU
		{3007A692-A050-4F12-9187-4AE6C6106A66}.Debug|Any CPU.ActiveCfg = Debug|Any CPU
		{3007A692-A050-4F12-9187-4AE6C6106A66}.Debug|Any CPU.Build.0 = Debug|Any CPU
		{3007A692-A050-4F12-9187-4AE6C6106A66}.Debug|x64.ActiveCfg = Debug|Any CPU
		{3007A692-A050-4F12-9187-4AE6C6106A66}.Release Mono|Any CPU.ActiveCfg = Release Mono|Any CPU
		{3007A692-A050-4F12-9187-4AE6C6106A66}.Release Mono|Any CPU.Build.0 = Release Mono|Any CPU
		{3007A692-A050-4F12-9187-4AE6C6106A66}.Release Mono|x64.ActiveCfg = Release Mono|Any CPU
		{3007A692-A050-4F12-9187-4AE6C6106A66}.Release|Any CPU.ActiveCfg = Release|Any CPU
		{3007A692-A050-4F12-9187-4AE6C6106A66}.Release|Any CPU.Build.0 = Release|Any CPU
		{3007A692-A050-4F12-9187-4AE6C6106A66}.Release|x64.ActiveCfg = Release|Any CPU
		{3007A692-A050-4F12-9187-4AE6C6106A66}.x64|Any CPU.ActiveCfg = Release|Any CPU
		{3007A692-A050-4F12-9187-4AE6C6106A66}.x64|Any CPU.Build.0 = Release|Any CPU
		{3007A692-A050-4F12-9187-4AE6C6106A66}.x64|x64.ActiveCfg = Release|Any CPU
		{93EDACD8-F6BA-43A7-9FD7-D3D4156ADBC0}.Debug Mono|Any CPU.ActiveCfg = Debug Mono|Any CPU
		{93EDACD8-F6BA-43A7-9FD7-D3D4156ADBC0}.Debug Mono|Any CPU.Build.0 = Debug Mono|Any CPU
		{93EDACD8-F6BA-43A7-9FD7-D3D4156ADBC0}.Debug Mono|x64.ActiveCfg = Debug Mono|Any CPU
		{93EDACD8-F6BA-43A7-9FD7-D3D4156ADBC0}.Debug|Any CPU.ActiveCfg = Debug|Any CPU
		{93EDACD8-F6BA-43A7-9FD7-D3D4156ADBC0}.Debug|Any CPU.Build.0 = Debug|Any CPU
		{93EDACD8-F6BA-43A7-9FD7-D3D4156ADBC0}.Debug|x64.ActiveCfg = Debug|Any CPU
		{93EDACD8-F6BA-43A7-9FD7-D3D4156ADBC0}.Release Mono|Any CPU.ActiveCfg = Release Mono|Any CPU
		{93EDACD8-F6BA-43A7-9FD7-D3D4156ADBC0}.Release Mono|Any CPU.Build.0 = Release Mono|Any CPU
		{93EDACD8-F6BA-43A7-9FD7-D3D4156ADBC0}.Release Mono|x64.ActiveCfg = Release Mono|Any CPU
		{93EDACD8-F6BA-43A7-9FD7-D3D4156ADBC0}.Release|Any CPU.ActiveCfg = Release|Any CPU
		{93EDACD8-F6BA-43A7-9FD7-D3D4156ADBC0}.Release|Any CPU.Build.0 = Release|Any CPU
		{93EDACD8-F6BA-43A7-9FD7-D3D4156ADBC0}.Release|x64.ActiveCfg = Release|Any CPU
		{93EDACD8-F6BA-43A7-9FD7-D3D4156ADBC0}.x64|Any CPU.ActiveCfg = Release|Any CPU
		{93EDACD8-F6BA-43A7-9FD7-D3D4156ADBC0}.x64|Any CPU.Build.0 = Release|Any CPU
		{93EDACD8-F6BA-43A7-9FD7-D3D4156ADBC0}.x64|x64.ActiveCfg = Release|Any CPU
		{14873709-8C2E-485E-BF74-2423227DB59B}.Debug Mono|Any CPU.ActiveCfg = Debug Mono|Any CPU
		{14873709-8C2E-485E-BF74-2423227DB59B}.Debug Mono|Any CPU.Build.0 = Debug Mono|Any CPU
		{14873709-8C2E-485E-BF74-2423227DB59B}.Debug Mono|x64.ActiveCfg = Debug Mono|Any CPU
		{14873709-8C2E-485E-BF74-2423227DB59B}.Debug|Any CPU.ActiveCfg = Debug|Any CPU
		{14873709-8C2E-485E-BF74-2423227DB59B}.Debug|Any CPU.Build.0 = Debug|Any CPU
		{14873709-8C2E-485E-BF74-2423227DB59B}.Debug|x64.ActiveCfg = Debug|Any CPU
		{14873709-8C2E-485E-BF74-2423227DB59B}.Release Mono|Any CPU.ActiveCfg = Release Mono|Any CPU
		{14873709-8C2E-485E-BF74-2423227DB59B}.Release Mono|Any CPU.Build.0 = Release Mono|Any CPU
		{14873709-8C2E-485E-BF74-2423227DB59B}.Release Mono|x64.ActiveCfg = Release Mono|Any CPU
		{14873709-8C2E-485E-BF74-2423227DB59B}.Release|Any CPU.ActiveCfg = Release|Any CPU
		{14873709-8C2E-485E-BF74-2423227DB59B}.Release|Any CPU.Build.0 = Release|Any CPU
		{14873709-8C2E-485E-BF74-2423227DB59B}.Release|x64.ActiveCfg = Release|Any CPU
		{14873709-8C2E-485E-BF74-2423227DB59B}.x64|Any CPU.ActiveCfg = Release|Any CPU
		{14873709-8C2E-485E-BF74-2423227DB59B}.x64|Any CPU.Build.0 = Release|Any CPU
		{14873709-8C2E-485E-BF74-2423227DB59B}.x64|x64.ActiveCfg = Release|Any CPU
		{56B7C019-AA7A-4194-AFA5-3D3F1A4B6393}.Debug Mono|Any CPU.ActiveCfg = Debug Mono|Any CPU
		{56B7C019-AA7A-4194-AFA5-3D3F1A4B6393}.Debug Mono|Any CPU.Build.0 = Debug Mono|Any CPU
		{56B7C019-AA7A-4194-AFA5-3D3F1A4B6393}.Debug Mono|x64.ActiveCfg = Debug Mono|Any CPU
		{56B7C019-AA7A-4194-AFA5-3D3F1A4B6393}.Debug|Any CPU.ActiveCfg = Debug|Any CPU
		{56B7C019-AA7A-4194-AFA5-3D3F1A4B6393}.Debug|Any CPU.Build.0 = Debug|Any CPU
		{56B7C019-AA7A-4194-AFA5-3D3F1A4B6393}.Debug|x64.ActiveCfg = Debug|Any CPU
		{56B7C019-AA7A-4194-AFA5-3D3F1A4B6393}.Release Mono|Any CPU.ActiveCfg = Release Mono|Any CPU
		{56B7C019-AA7A-4194-AFA5-3D3F1A4B6393}.Release Mono|Any CPU.Build.0 = Release Mono|Any CPU
		{56B7C019-AA7A-4194-AFA5-3D3F1A4B6393}.Release Mono|x64.ActiveCfg = Release Mono|Any CPU
		{56B7C019-AA7A-4194-AFA5-3D3F1A4B6393}.Release|Any CPU.ActiveCfg = Release|Any CPU
		{56B7C019-AA7A-4194-AFA5-3D3F1A4B6393}.Release|Any CPU.Build.0 = Release|Any CPU
		{56B7C019-AA7A-4194-AFA5-3D3F1A4B6393}.Release|x64.ActiveCfg = Release|Any CPU
		{56B7C019-AA7A-4194-AFA5-3D3F1A4B6393}.x64|Any CPU.ActiveCfg = Release|Any CPU
		{56B7C019-AA7A-4194-AFA5-3D3F1A4B6393}.x64|Any CPU.Build.0 = Release|Any CPU
		{56B7C019-AA7A-4194-AFA5-3D3F1A4B6393}.x64|x64.ActiveCfg = Release|Any CPU
		{104D8378-117D-411F-B921-BFBFBC55B46B}.Debug Mono|Any CPU.ActiveCfg = Debug Mono|Any CPU
		{104D8378-117D-411F-B921-BFBFBC55B46B}.Debug Mono|Any CPU.Build.0 = Debug Mono|Any CPU
		{104D8378-117D-411F-B921-BFBFBC55B46B}.Debug Mono|x64.ActiveCfg = Debug Mono|Any CPU
		{104D8378-117D-411F-B921-BFBFBC55B46B}.Debug|Any CPU.ActiveCfg = Debug|Any CPU
		{104D8378-117D-411F-B921-BFBFBC55B46B}.Debug|Any CPU.Build.0 = Debug|Any CPU
		{104D8378-117D-411F-B921-BFBFBC55B46B}.Debug|x64.ActiveCfg = Debug|Any CPU
		{104D8378-117D-411F-B921-BFBFBC55B46B}.Release Mono|Any CPU.ActiveCfg = Release Mono|Any CPU
		{104D8378-117D-411F-B921-BFBFBC55B46B}.Release Mono|Any CPU.Build.0 = Release Mono|Any CPU
		{104D8378-117D-411F-B921-BFBFBC55B46B}.Release Mono|x64.ActiveCfg = Release Mono|Any CPU
		{104D8378-117D-411F-B921-BFBFBC55B46B}.Release|Any CPU.ActiveCfg = Release|Any CPU
		{104D8378-117D-411F-B921-BFBFBC55B46B}.Release|Any CPU.Build.0 = Release|Any CPU
		{104D8378-117D-411F-B921-BFBFBC55B46B}.Release|x64.ActiveCfg = Release|Any CPU
		{104D8378-117D-411F-B921-BFBFBC55B46B}.x64|Any CPU.ActiveCfg = Release|Any CPU
		{104D8378-117D-411F-B921-BFBFBC55B46B}.x64|Any CPU.Build.0 = Release|Any CPU
		{104D8378-117D-411F-B921-BFBFBC55B46B}.x64|x64.ActiveCfg = Release|Any CPU
		{D0AC89AC-E6AB-4B16-BFBA-64C675D17ABD}.Debug Mono|Any CPU.ActiveCfg = Debug|Any CPU
		{D0AC89AC-E6AB-4B16-BFBA-64C675D17ABD}.Debug Mono|Any CPU.Build.0 = Debug|Any CPU
		{D0AC89AC-E6AB-4B16-BFBA-64C675D17ABD}.Debug Mono|x64.ActiveCfg = Debug|Any CPU
		{D0AC89AC-E6AB-4B16-BFBA-64C675D17ABD}.Debug|Any CPU.ActiveCfg = Debug|Any CPU
		{D0AC89AC-E6AB-4B16-BFBA-64C675D17ABD}.Debug|Any CPU.Build.0 = Debug|Any CPU
		{D0AC89AC-E6AB-4B16-BFBA-64C675D17ABD}.Debug|x64.ActiveCfg = Debug|Any CPU
		{D0AC89AC-E6AB-4B16-BFBA-64C675D17ABD}.Release Mono|Any CPU.ActiveCfg = Release|Any CPU
		{D0AC89AC-E6AB-4B16-BFBA-64C675D17ABD}.Release Mono|Any CPU.Build.0 = Release|Any CPU
		{D0AC89AC-E6AB-4B16-BFBA-64C675D17ABD}.Release Mono|x64.ActiveCfg = Release|Any CPU
		{D0AC89AC-E6AB-4B16-BFBA-64C675D17ABD}.Release|Any CPU.ActiveCfg = Release|Any CPU
		{D0AC89AC-E6AB-4B16-BFBA-64C675D17ABD}.Release|Any CPU.Build.0 = Release|Any CPU
		{D0AC89AC-E6AB-4B16-BFBA-64C675D17ABD}.Release|x64.ActiveCfg = Release|Any CPU
		{D0AC89AC-E6AB-4B16-BFBA-64C675D17ABD}.x64|Any CPU.ActiveCfg = Release|Any CPU
		{D0AC89AC-E6AB-4B16-BFBA-64C675D17ABD}.x64|Any CPU.Build.0 = Release|Any CPU
		{D0AC89AC-E6AB-4B16-BFBA-64C675D17ABD}.x64|x64.ActiveCfg = Release|Any CPU
		{95E921AB-1F5A-4AF9-B7FE-284E317A97F4}.Debug Mono|Any CPU.ActiveCfg = Debug Mono|Any CPU
		{95E921AB-1F5A-4AF9-B7FE-284E317A97F4}.Debug Mono|Any CPU.Build.0 = Debug Mono|Any CPU
		{95E921AB-1F5A-4AF9-B7FE-284E317A97F4}.Debug Mono|x64.ActiveCfg = Debug Mono|Any CPU
		{95E921AB-1F5A-4AF9-B7FE-284E317A97F4}.Debug|Any CPU.ActiveCfg = Debug|Any CPU
		{95E921AB-1F5A-4AF9-B7FE-284E317A97F4}.Debug|Any CPU.Build.0 = Debug|Any CPU
		{95E921AB-1F5A-4AF9-B7FE-284E317A97F4}.Debug|x64.ActiveCfg = Debug|Any CPU
		{95E921AB-1F5A-4AF9-B7FE-284E317A97F4}.Release Mono|Any CPU.ActiveCfg = Release Mono|Any CPU
		{95E921AB-1F5A-4AF9-B7FE-284E317A97F4}.Release Mono|Any CPU.Build.0 = Release Mono|Any CPU
		{95E921AB-1F5A-4AF9-B7FE-284E317A97F4}.Release Mono|x64.ActiveCfg = Release Mono|Any CPU
		{95E921AB-1F5A-4AF9-B7FE-284E317A97F4}.Release|Any CPU.ActiveCfg = Release|Any CPU
		{95E921AB-1F5A-4AF9-B7FE-284E317A97F4}.Release|Any CPU.Build.0 = Release|Any CPU
		{95E921AB-1F5A-4AF9-B7FE-284E317A97F4}.Release|x64.ActiveCfg = Release|Any CPU
		{95E921AB-1F5A-4AF9-B7FE-284E317A97F4}.x64|Any CPU.ActiveCfg = Release|Any CPU
		{95E921AB-1F5A-4AF9-B7FE-284E317A97F4}.x64|Any CPU.Build.0 = Release|Any CPU
		{95E921AB-1F5A-4AF9-B7FE-284E317A97F4}.x64|x64.ActiveCfg = Release|Any CPU
		{0D3CBAD0-BBDB-43E5-AFC4-ED1D3ECDC224}.Debug Mono|Any CPU.ActiveCfg = Debug Mono|Any CPU
		{0D3CBAD0-BBDB-43E5-AFC4-ED1D3ECDC224}.Debug Mono|Any CPU.Build.0 = Debug Mono|Any CPU
		{0D3CBAD0-BBDB-43E5-AFC4-ED1D3ECDC224}.Debug Mono|x64.ActiveCfg = Debug Mono|Any CPU
		{0D3CBAD0-BBDB-43E5-AFC4-ED1D3ECDC224}.Debug|Any CPU.ActiveCfg = Debug|Any CPU
		{0D3CBAD0-BBDB-43E5-AFC4-ED1D3ECDC224}.Debug|Any CPU.Build.0 = Debug|Any CPU
		{0D3CBAD0-BBDB-43E5-AFC4-ED1D3ECDC224}.Debug|x64.ActiveCfg = Debug|Any CPU
		{0D3CBAD0-BBDB-43E5-AFC4-ED1D3ECDC224}.Release Mono|Any CPU.ActiveCfg = Release Mono|Any CPU
		{0D3CBAD0-BBDB-43E5-AFC4-ED1D3ECDC224}.Release Mono|Any CPU.Build.0 = Release Mono|Any CPU
		{0D3CBAD0-BBDB-43E5-AFC4-ED1D3ECDC224}.Release Mono|x64.ActiveCfg = Release Mono|Any CPU
		{0D3CBAD0-BBDB-43E5-AFC4-ED1D3ECDC224}.Release|Any CPU.ActiveCfg = Release|Any CPU
		{0D3CBAD0-BBDB-43E5-AFC4-ED1D3ECDC224}.Release|Any CPU.Build.0 = Release|Any CPU
		{0D3CBAD0-BBDB-43E5-AFC4-ED1D3ECDC224}.Release|x64.ActiveCfg = Release|Any CPU
		{0D3CBAD0-BBDB-43E5-AFC4-ED1D3ECDC224}.x64|Any CPU.ActiveCfg = Release|Any CPU
		{0D3CBAD0-BBDB-43E5-AFC4-ED1D3ECDC224}.x64|Any CPU.Build.0 = Release|Any CPU
		{0D3CBAD0-BBDB-43E5-AFC4-ED1D3ECDC224}.x64|x64.ActiveCfg = Release|Any CPU
		{3F786C7D-70E3-4836-8B33-EC9A5AF72330}.Debug Mono|Any CPU.ActiveCfg = Debug Mono|Any CPU
		{3F786C7D-70E3-4836-8B33-EC9A5AF72330}.Debug Mono|Any CPU.Build.0 = Debug Mono|Any CPU
		{3F786C7D-70E3-4836-8B33-EC9A5AF72330}.Debug Mono|x64.ActiveCfg = Debug Mono|Any CPU
		{3F786C7D-70E3-4836-8B33-EC9A5AF72330}.Debug|Any CPU.ActiveCfg = Debug|Any CPU
		{3F786C7D-70E3-4836-8B33-EC9A5AF72330}.Debug|Any CPU.Build.0 = Debug|Any CPU
		{3F786C7D-70E3-4836-8B33-EC9A5AF72330}.Debug|x64.ActiveCfg = Debug|Any CPU
		{3F786C7D-70E3-4836-8B33-EC9A5AF72330}.Release Mono|Any CPU.ActiveCfg = Release Mono|Any CPU
		{3F786C7D-70E3-4836-8B33-EC9A5AF72330}.Release Mono|Any CPU.Build.0 = Release Mono|Any CPU
		{3F786C7D-70E3-4836-8B33-EC9A5AF72330}.Release Mono|x64.ActiveCfg = Release Mono|Any CPU
		{3F786C7D-70E3-4836-8B33-EC9A5AF72330}.Release|Any CPU.ActiveCfg = Release|Any CPU
		{3F786C7D-70E3-4836-8B33-EC9A5AF72330}.Release|Any CPU.Build.0 = Release|Any CPU
		{3F786C7D-70E3-4836-8B33-EC9A5AF72330}.Release|x64.ActiveCfg = Release|Any CPU
		{3F786C7D-70E3-4836-8B33-EC9A5AF72330}.x64|Any CPU.ActiveCfg = Release|Any CPU
		{3F786C7D-70E3-4836-8B33-EC9A5AF72330}.x64|Any CPU.Build.0 = Release|Any CPU
		{3F786C7D-70E3-4836-8B33-EC9A5AF72330}.x64|x64.ActiveCfg = Release|Any CPU
		{EA4FF8FD-7C53-49C8-B9AA-02E458B3E6A7}.Debug Mono|Any CPU.ActiveCfg = Debug Mono|Any CPU
		{EA4FF8FD-7C53-49C8-B9AA-02E458B3E6A7}.Debug Mono|Any CPU.Build.0 = Debug Mono|Any CPU
		{EA4FF8FD-7C53-49C8-B9AA-02E458B3E6A7}.Debug Mono|x64.ActiveCfg = Debug Mono|Any CPU
		{EA4FF8FD-7C53-49C8-B9AA-02E458B3E6A7}.Debug|Any CPU.ActiveCfg = Debug|Any CPU
		{EA4FF8FD-7C53-49C8-B9AA-02E458B3E6A7}.Debug|Any CPU.Build.0 = Debug|Any CPU
		{EA4FF8FD-7C53-49C8-B9AA-02E458B3E6A7}.Debug|x64.ActiveCfg = Debug|Any CPU
		{EA4FF8FD-7C53-49C8-B9AA-02E458B3E6A7}.Release Mono|Any CPU.ActiveCfg = Release Mono|Any CPU
		{EA4FF8FD-7C53-49C8-B9AA-02E458B3E6A7}.Release Mono|Any CPU.Build.0 = Release Mono|Any CPU
		{EA4FF8FD-7C53-49C8-B9AA-02E458B3E6A7}.Release Mono|x64.ActiveCfg = Release Mono|Any CPU
		{EA4FF8FD-7C53-49C8-B9AA-02E458B3E6A7}.Release|Any CPU.ActiveCfg = Release|Any CPU
		{EA4FF8FD-7C53-49C8-B9AA-02E458B3E6A7}.Release|Any CPU.Build.0 = Release|Any CPU
		{EA4FF8FD-7C53-49C8-B9AA-02E458B3E6A7}.Release|x64.ActiveCfg = Release|Any CPU
		{EA4FF8FD-7C53-49C8-B9AA-02E458B3E6A7}.x64|Any CPU.ActiveCfg = Release|Any CPU
		{EA4FF8FD-7C53-49C8-B9AA-02E458B3E6A7}.x64|Any CPU.Build.0 = Release|Any CPU
		{EA4FF8FD-7C53-49C8-B9AA-02E458B3E6A7}.x64|x64.ActiveCfg = Release|Any CPU
		{81574240-BC31-4BE4-B447-ADF0D32F4246}.Debug Mono|Any CPU.ActiveCfg = Debug Mono|Any CPU
		{81574240-BC31-4BE4-B447-ADF0D32F4246}.Debug Mono|Any CPU.Build.0 = Debug Mono|Any CPU
		{81574240-BC31-4BE4-B447-ADF0D32F4246}.Debug Mono|x64.ActiveCfg = Debug Mono|Any CPU
		{81574240-BC31-4BE4-B447-ADF0D32F4246}.Debug|Any CPU.ActiveCfg = Debug|Any CPU
		{81574240-BC31-4BE4-B447-ADF0D32F4246}.Debug|Any CPU.Build.0 = Debug|Any CPU
		{81574240-BC31-4BE4-B447-ADF0D32F4246}.Debug|x64.ActiveCfg = Debug|Any CPU
		{81574240-BC31-4BE4-B447-ADF0D32F4246}.Release Mono|Any CPU.ActiveCfg = Release Mono|Any CPU
		{81574240-BC31-4BE4-B447-ADF0D32F4246}.Release Mono|Any CPU.Build.0 = Release Mono|Any CPU
		{81574240-BC31-4BE4-B447-ADF0D32F4246}.Release Mono|x64.ActiveCfg = Release Mono|Any CPU
		{81574240-BC31-4BE4-B447-ADF0D32F4246}.Release|Any CPU.ActiveCfg = Release|Any CPU
		{81574240-BC31-4BE4-B447-ADF0D32F4246}.Release|Any CPU.Build.0 = Release|Any CPU
		{81574240-BC31-4BE4-B447-ADF0D32F4246}.Release|x64.ActiveCfg = Release|Any CPU
		{81574240-BC31-4BE4-B447-ADF0D32F4246}.x64|Any CPU.ActiveCfg = Release|Any CPU
		{81574240-BC31-4BE4-B447-ADF0D32F4246}.x64|Any CPU.Build.0 = Release|Any CPU
		{81574240-BC31-4BE4-B447-ADF0D32F4246}.x64|x64.ActiveCfg = Release|Any CPU
		{5DEDDF90-37F0-48D3-A0B0-A5CBD8A7E377}.Debug Mono|Any CPU.ActiveCfg = Debug Mono|Any CPU
		{5DEDDF90-37F0-48D3-A0B0-A5CBD8A7E377}.Debug Mono|Any CPU.Build.0 = Debug Mono|Any CPU
		{5DEDDF90-37F0-48D3-A0B0-A5CBD8A7E377}.Debug Mono|x64.ActiveCfg = Debug Mono|Any CPU
		{5DEDDF90-37F0-48D3-A0B0-A5CBD8A7E377}.Debug|Any CPU.ActiveCfg = Debug|Any CPU
		{5DEDDF90-37F0-48D3-A0B0-A5CBD8A7E377}.Debug|Any CPU.Build.0 = Debug|Any CPU
		{5DEDDF90-37F0-48D3-A0B0-A5CBD8A7E377}.Debug|x64.ActiveCfg = Debug|Any CPU
		{5DEDDF90-37F0-48D3-A0B0-A5CBD8A7E377}.Release Mono|Any CPU.ActiveCfg = Release Mono|Any CPU
		{5DEDDF90-37F0-48D3-A0B0-A5CBD8A7E377}.Release Mono|Any CPU.Build.0 = Release Mono|Any CPU
		{5DEDDF90-37F0-48D3-A0B0-A5CBD8A7E377}.Release Mono|x64.ActiveCfg = Release Mono|Any CPU
		{5DEDDF90-37F0-48D3-A0B0-A5CBD8A7E377}.Release|Any CPU.ActiveCfg = Release|Any CPU
		{5DEDDF90-37F0-48D3-A0B0-A5CBD8A7E377}.Release|Any CPU.Build.0 = Release|Any CPU
		{5DEDDF90-37F0-48D3-A0B0-A5CBD8A7E377}.Release|Any CPU.Deploy.0 = Release|Any CPU
		{5DEDDF90-37F0-48D3-A0B0-A5CBD8A7E377}.Release|x64.ActiveCfg = Release|Any CPU
		{5DEDDF90-37F0-48D3-A0B0-A5CBD8A7E377}.x64|Any CPU.ActiveCfg = Release|Any CPU
		{5DEDDF90-37F0-48D3-A0B0-A5CBD8A7E377}.x64|Any CPU.Build.0 = Release|Any CPU
		{5DEDDF90-37F0-48D3-A0B0-A5CBD8A7E377}.x64|x64.ActiveCfg = Release|Any CPU
		{19993C0B-8F9D-4FE4-B047-45965EA66BA2}.Debug Mono|Any CPU.ActiveCfg = Debug Mono|Any CPU
		{19993C0B-8F9D-4FE4-B047-45965EA66BA2}.Debug Mono|Any CPU.Build.0 = Debug Mono|Any CPU
		{19993C0B-8F9D-4FE4-B047-45965EA66BA2}.Debug Mono|x64.ActiveCfg = Debug Mono|Any CPU
		{19993C0B-8F9D-4FE4-B047-45965EA66BA2}.Debug|Any CPU.ActiveCfg = Debug|Any CPU
		{19993C0B-8F9D-4FE4-B047-45965EA66BA2}.Debug|Any CPU.Build.0 = Debug|Any CPU
		{19993C0B-8F9D-4FE4-B047-45965EA66BA2}.Debug|x64.ActiveCfg = Debug|Any CPU
		{19993C0B-8F9D-4FE4-B047-45965EA66BA2}.Release Mono|Any CPU.ActiveCfg = Release Mono|Any CPU
		{19993C0B-8F9D-4FE4-B047-45965EA66BA2}.Release Mono|Any CPU.Build.0 = Release Mono|Any CPU
		{19993C0B-8F9D-4FE4-B047-45965EA66BA2}.Release Mono|x64.ActiveCfg = Release Mono|Any CPU
		{19993C0B-8F9D-4FE4-B047-45965EA66BA2}.Release|Any CPU.ActiveCfg = Release|Any CPU
		{19993C0B-8F9D-4FE4-B047-45965EA66BA2}.Release|Any CPU.Build.0 = Release|Any CPU
		{19993C0B-8F9D-4FE4-B047-45965EA66BA2}.Release|x64.ActiveCfg = Release|Any CPU
		{19993C0B-8F9D-4FE4-B047-45965EA66BA2}.x64|Any CPU.ActiveCfg = Release|Any CPU
		{19993C0B-8F9D-4FE4-B047-45965EA66BA2}.x64|Any CPU.Build.0 = Release|Any CPU
		{19993C0B-8F9D-4FE4-B047-45965EA66BA2}.x64|x64.ActiveCfg = Release|Any CPU
		{956F7D26-4505-4A26-86D0-73135BD35A93}.Debug Mono|Any CPU.ActiveCfg = Debug Mono|Any CPU
		{956F7D26-4505-4A26-86D0-73135BD35A93}.Debug Mono|Any CPU.Build.0 = Debug Mono|Any CPU
		{956F7D26-4505-4A26-86D0-73135BD35A93}.Debug Mono|x64.ActiveCfg = Debug Mono|Any CPU
		{956F7D26-4505-4A26-86D0-73135BD35A93}.Debug|Any CPU.ActiveCfg = Debug|Any CPU
		{956F7D26-4505-4A26-86D0-73135BD35A93}.Debug|Any CPU.Build.0 = Debug|Any CPU
		{956F7D26-4505-4A26-86D0-73135BD35A93}.Debug|x64.ActiveCfg = Debug|Any CPU
		{956F7D26-4505-4A26-86D0-73135BD35A93}.Release Mono|Any CPU.ActiveCfg = Release Mono|Any CPU
		{956F7D26-4505-4A26-86D0-73135BD35A93}.Release Mono|Any CPU.Build.0 = Release Mono|Any CPU
		{956F7D26-4505-4A26-86D0-73135BD35A93}.Release Mono|x64.ActiveCfg = Release Mono|Any CPU
		{956F7D26-4505-4A26-86D0-73135BD35A93}.Release|Any CPU.ActiveCfg = Release|Any CPU
		{956F7D26-4505-4A26-86D0-73135BD35A93}.Release|Any CPU.Build.0 = Release|Any CPU
		{956F7D26-4505-4A26-86D0-73135BD35A93}.Release|x64.ActiveCfg = Release|Any CPU
		{956F7D26-4505-4A26-86D0-73135BD35A93}.x64|Any CPU.ActiveCfg = Release|Any CPU
		{956F7D26-4505-4A26-86D0-73135BD35A93}.x64|Any CPU.Build.0 = Release|Any CPU
		{956F7D26-4505-4A26-86D0-73135BD35A93}.x64|x64.ActiveCfg = Release|Any CPU
		{EB9BEE97-7B2C-44B7-8636-237A8E4171C7}.Debug Mono|Any CPU.ActiveCfg = Debug|Any CPU
		{EB9BEE97-7B2C-44B7-8636-237A8E4171C7}.Debug Mono|Any CPU.Build.0 = Debug|Any CPU
		{EB9BEE97-7B2C-44B7-8636-237A8E4171C7}.Debug Mono|x64.ActiveCfg = Debug|Any CPU
		{EB9BEE97-7B2C-44B7-8636-237A8E4171C7}.Debug|Any CPU.ActiveCfg = Debug|Any CPU
		{EB9BEE97-7B2C-44B7-8636-237A8E4171C7}.Debug|Any CPU.Build.0 = Debug|Any CPU
		{EB9BEE97-7B2C-44B7-8636-237A8E4171C7}.Debug|x64.ActiveCfg = Debug|Any CPU
		{EB9BEE97-7B2C-44B7-8636-237A8E4171C7}.Release Mono|Any CPU.ActiveCfg = Release|Any CPU
		{EB9BEE97-7B2C-44B7-8636-237A8E4171C7}.Release Mono|Any CPU.Build.0 = Release|Any CPU
		{EB9BEE97-7B2C-44B7-8636-237A8E4171C7}.Release Mono|x64.ActiveCfg = Release|Any CPU
		{EB9BEE97-7B2C-44B7-8636-237A8E4171C7}.Release|Any CPU.ActiveCfg = Release|Any CPU
		{EB9BEE97-7B2C-44B7-8636-237A8E4171C7}.Release|Any CPU.Build.0 = Release|Any CPU
		{EB9BEE97-7B2C-44B7-8636-237A8E4171C7}.Release|x64.ActiveCfg = Release|Any CPU
		{EB9BEE97-7B2C-44B7-8636-237A8E4171C7}.x64|Any CPU.ActiveCfg = Release|Any CPU
		{EB9BEE97-7B2C-44B7-8636-237A8E4171C7}.x64|Any CPU.Build.0 = Release|Any CPU
		{EB9BEE97-7B2C-44B7-8636-237A8E4171C7}.x64|x64.ActiveCfg = Release|Any CPU
		{3D7C22A1-E999-4B01-BE94-9C54B31A4FF1}.Debug Mono|Any CPU.ActiveCfg = Debug|Any CPU
		{3D7C22A1-E999-4B01-BE94-9C54B31A4FF1}.Debug Mono|Any CPU.Build.0 = Debug|Any CPU
		{3D7C22A1-E999-4B01-BE94-9C54B31A4FF1}.Debug Mono|x64.ActiveCfg = Debug|Any CPU
		{3D7C22A1-E999-4B01-BE94-9C54B31A4FF1}.Debug|Any CPU.ActiveCfg = Debug|Any CPU
		{3D7C22A1-E999-4B01-BE94-9C54B31A4FF1}.Debug|Any CPU.Build.0 = Debug|Any CPU
		{3D7C22A1-E999-4B01-BE94-9C54B31A4FF1}.Debug|x64.ActiveCfg = Debug|Any CPU
		{3D7C22A1-E999-4B01-BE94-9C54B31A4FF1}.Release Mono|Any CPU.ActiveCfg = Release|Any CPU
		{3D7C22A1-E999-4B01-BE94-9C54B31A4FF1}.Release Mono|Any CPU.Build.0 = Release|Any CPU
		{3D7C22A1-E999-4B01-BE94-9C54B31A4FF1}.Release Mono|x64.ActiveCfg = Release|Any CPU
		{3D7C22A1-E999-4B01-BE94-9C54B31A4FF1}.Release|Any CPU.ActiveCfg = Release|Any CPU
		{3D7C22A1-E999-4B01-BE94-9C54B31A4FF1}.Release|Any CPU.Build.0 = Release|Any CPU
		{3D7C22A1-E999-4B01-BE94-9C54B31A4FF1}.Release|x64.ActiveCfg = Release|Any CPU
		{3D7C22A1-E999-4B01-BE94-9C54B31A4FF1}.x64|Any CPU.ActiveCfg = Release|Any CPU
		{3D7C22A1-E999-4B01-BE94-9C54B31A4FF1}.x64|Any CPU.Build.0 = Release|Any CPU
		{3D7C22A1-E999-4B01-BE94-9C54B31A4FF1}.x64|x64.ActiveCfg = Release|Any CPU
		{A8AA2D7E-3D35-44DF-AF92-80A2C39C1F4D}.Debug Mono|Any CPU.ActiveCfg = Debug|Any CPU
		{A8AA2D7E-3D35-44DF-AF92-80A2C39C1F4D}.Debug Mono|Any CPU.Build.0 = Debug|Any CPU
		{A8AA2D7E-3D35-44DF-AF92-80A2C39C1F4D}.Debug Mono|x64.ActiveCfg = Debug|Any CPU
		{A8AA2D7E-3D35-44DF-AF92-80A2C39C1F4D}.Debug|Any CPU.ActiveCfg = Debug|Any CPU
		{A8AA2D7E-3D35-44DF-AF92-80A2C39C1F4D}.Debug|Any CPU.Build.0 = Debug|Any CPU
		{A8AA2D7E-3D35-44DF-AF92-80A2C39C1F4D}.Debug|x64.ActiveCfg = Debug|Any CPU
		{A8AA2D7E-3D35-44DF-AF92-80A2C39C1F4D}.Release Mono|Any CPU.ActiveCfg = Release|Any CPU
		{A8AA2D7E-3D35-44DF-AF92-80A2C39C1F4D}.Release Mono|Any CPU.Build.0 = Release|Any CPU
		{A8AA2D7E-3D35-44DF-AF92-80A2C39C1F4D}.Release Mono|x64.ActiveCfg = Release|Any CPU
		{A8AA2D7E-3D35-44DF-AF92-80A2C39C1F4D}.Release|Any CPU.ActiveCfg = Release|Any CPU
		{A8AA2D7E-3D35-44DF-AF92-80A2C39C1F4D}.Release|Any CPU.Build.0 = Release|Any CPU
		{A8AA2D7E-3D35-44DF-AF92-80A2C39C1F4D}.Release|x64.ActiveCfg = Release|Any CPU
		{A8AA2D7E-3D35-44DF-AF92-80A2C39C1F4D}.x64|Any CPU.ActiveCfg = Release|Any CPU
		{A8AA2D7E-3D35-44DF-AF92-80A2C39C1F4D}.x64|Any CPU.Build.0 = Release|Any CPU
		{A8AA2D7E-3D35-44DF-AF92-80A2C39C1F4D}.x64|x64.ActiveCfg = Release|Any CPU
		{D2BED2D5-B152-48C1-9818-1097BECDDF98}.Debug Mono|Any CPU.ActiveCfg = Debug|Any CPU
		{D2BED2D5-B152-48C1-9818-1097BECDDF98}.Debug Mono|Any CPU.Build.0 = Debug|Any CPU
		{D2BED2D5-B152-48C1-9818-1097BECDDF98}.Debug Mono|x64.ActiveCfg = Debug|Any CPU
		{D2BED2D5-B152-48C1-9818-1097BECDDF98}.Debug|Any CPU.ActiveCfg = Debug|Any CPU
		{D2BED2D5-B152-48C1-9818-1097BECDDF98}.Debug|Any CPU.Build.0 = Debug|Any CPU
		{D2BED2D5-B152-48C1-9818-1097BECDDF98}.Debug|x64.ActiveCfg = Debug|Any CPU
		{D2BED2D5-B152-48C1-9818-1097BECDDF98}.Release Mono|Any CPU.ActiveCfg = Release|Any CPU
		{D2BED2D5-B152-48C1-9818-1097BECDDF98}.Release Mono|Any CPU.Build.0 = Release|Any CPU
		{D2BED2D5-B152-48C1-9818-1097BECDDF98}.Release Mono|x64.ActiveCfg = Release|Any CPU
		{D2BED2D5-B152-48C1-9818-1097BECDDF98}.Release|Any CPU.ActiveCfg = Release|Any CPU
		{D2BED2D5-B152-48C1-9818-1097BECDDF98}.Release|Any CPU.Build.0 = Release|Any CPU
		{D2BED2D5-B152-48C1-9818-1097BECDDF98}.Release|x64.ActiveCfg = Release|Any CPU
		{D2BED2D5-B152-48C1-9818-1097BECDDF98}.x64|Any CPU.ActiveCfg = Release|Any CPU
		{D2BED2D5-B152-48C1-9818-1097BECDDF98}.x64|Any CPU.Build.0 = Release|Any CPU
		{D2BED2D5-B152-48C1-9818-1097BECDDF98}.x64|x64.ActiveCfg = Release|Any CPU
		{746B8F98-712D-4BEF-9922-AC09CCAEF5AD}.Debug Mono|Any CPU.ActiveCfg = Debug|Any CPU
		{746B8F98-712D-4BEF-9922-AC09CCAEF5AD}.Debug Mono|Any CPU.Build.0 = Debug|Any CPU
		{746B8F98-712D-4BEF-9922-AC09CCAEF5AD}.Debug Mono|x64.ActiveCfg = Debug|x64
		{746B8F98-712D-4BEF-9922-AC09CCAEF5AD}.Debug Mono|x64.Build.0 = Debug|x64
		{746B8F98-712D-4BEF-9922-AC09CCAEF5AD}.Debug|Any CPU.ActiveCfg = Debug|Any CPU
		{746B8F98-712D-4BEF-9922-AC09CCAEF5AD}.Debug|Any CPU.Build.0 = Debug|Any CPU
		{746B8F98-712D-4BEF-9922-AC09CCAEF5AD}.Debug|x64.ActiveCfg = Debug|x64
		{746B8F98-712D-4BEF-9922-AC09CCAEF5AD}.Debug|x64.Build.0 = Debug|x64
		{746B8F98-712D-4BEF-9922-AC09CCAEF5AD}.Release Mono|Any CPU.ActiveCfg = Release|Any CPU
		{746B8F98-712D-4BEF-9922-AC09CCAEF5AD}.Release Mono|Any CPU.Build.0 = Release|Any CPU
		{746B8F98-712D-4BEF-9922-AC09CCAEF5AD}.Release Mono|x64.ActiveCfg = Release|x64
		{746B8F98-712D-4BEF-9922-AC09CCAEF5AD}.Release Mono|x64.Build.0 = Release|x64
		{746B8F98-712D-4BEF-9922-AC09CCAEF5AD}.Release|Any CPU.ActiveCfg = Release|Any CPU
		{746B8F98-712D-4BEF-9922-AC09CCAEF5AD}.Release|Any CPU.Build.0 = Release|Any CPU
		{746B8F98-712D-4BEF-9922-AC09CCAEF5AD}.Release|x64.ActiveCfg = Release|x64
		{746B8F98-712D-4BEF-9922-AC09CCAEF5AD}.Release|x64.Build.0 = Release|x64
		{746B8F98-712D-4BEF-9922-AC09CCAEF5AD}.x64|Any CPU.ActiveCfg = x64|Any CPU
		{746B8F98-712D-4BEF-9922-AC09CCAEF5AD}.x64|Any CPU.Build.0 = x64|Any CPU
		{746B8F98-712D-4BEF-9922-AC09CCAEF5AD}.x64|x64.ActiveCfg = x64|x64
		{746B8F98-712D-4BEF-9922-AC09CCAEF5AD}.x64|x64.Build.0 = x64|x64
		{2C6A9E1F-87D2-4AEF-B872-8ABAD5B16CBE}.Debug Mono|Any CPU.ActiveCfg = Debug|Any CPU
		{2C6A9E1F-87D2-4AEF-B872-8ABAD5B16CBE}.Debug Mono|Any CPU.Build.0 = Debug|Any CPU
		{2C6A9E1F-87D2-4AEF-B872-8ABAD5B16CBE}.Debug Mono|x64.ActiveCfg = Debug|Any CPU
		{2C6A9E1F-87D2-4AEF-B872-8ABAD5B16CBE}.Debug|Any CPU.ActiveCfg = Debug|Any CPU
		{2C6A9E1F-87D2-4AEF-B872-8ABAD5B16CBE}.Debug|Any CPU.Build.0 = Debug|Any CPU
		{2C6A9E1F-87D2-4AEF-B872-8ABAD5B16CBE}.Debug|x64.ActiveCfg = Debug|Any CPU
		{2C6A9E1F-87D2-4AEF-B872-8ABAD5B16CBE}.Release Mono|Any CPU.ActiveCfg = Release|Any CPU
		{2C6A9E1F-87D2-4AEF-B872-8ABAD5B16CBE}.Release Mono|Any CPU.Build.0 = Release|Any CPU
		{2C6A9E1F-87D2-4AEF-B872-8ABAD5B16CBE}.Release Mono|x64.ActiveCfg = Release|Any CPU
		{2C6A9E1F-87D2-4AEF-B872-8ABAD5B16CBE}.Release|Any CPU.ActiveCfg = Release|Any CPU
		{2C6A9E1F-87D2-4AEF-B872-8ABAD5B16CBE}.Release|Any CPU.Build.0 = Release|Any CPU
		{2C6A9E1F-87D2-4AEF-B872-8ABAD5B16CBE}.Release|x64.ActiveCfg = Release|Any CPU
		{2C6A9E1F-87D2-4AEF-B872-8ABAD5B16CBE}.x64|Any CPU.ActiveCfg = Release|Any CPU
		{2C6A9E1F-87D2-4AEF-B872-8ABAD5B16CBE}.x64|Any CPU.Build.0 = Release|Any CPU
		{2C6A9E1F-87D2-4AEF-B872-8ABAD5B16CBE}.x64|x64.ActiveCfg = Release|Any CPU
		{3A4143DA-D595-4D8B-B0FB-341A1B91B498}.Debug Mono|Any CPU.ActiveCfg = Debug|Any CPU
		{3A4143DA-D595-4D8B-B0FB-341A1B91B498}.Debug Mono|Any CPU.Build.0 = Debug|Any CPU
		{3A4143DA-D595-4D8B-B0FB-341A1B91B498}.Debug Mono|x64.ActiveCfg = Debug|x64
		{3A4143DA-D595-4D8B-B0FB-341A1B91B498}.Debug Mono|x64.Build.0 = Debug|x64
		{3A4143DA-D595-4D8B-B0FB-341A1B91B498}.Debug|Any CPU.ActiveCfg = Debug|Any CPU
		{3A4143DA-D595-4D8B-B0FB-341A1B91B498}.Debug|Any CPU.Build.0 = Debug|Any CPU
		{3A4143DA-D595-4D8B-B0FB-341A1B91B498}.Debug|x64.ActiveCfg = Debug|x64
		{3A4143DA-D595-4D8B-B0FB-341A1B91B498}.Debug|x64.Build.0 = Debug|x64
		{3A4143DA-D595-4D8B-B0FB-341A1B91B498}.Release Mono|Any CPU.ActiveCfg = Release|Any CPU
		{3A4143DA-D595-4D8B-B0FB-341A1B91B498}.Release Mono|Any CPU.Build.0 = Release|Any CPU
		{3A4143DA-D595-4D8B-B0FB-341A1B91B498}.Release Mono|x64.ActiveCfg = Release|x64
		{3A4143DA-D595-4D8B-B0FB-341A1B91B498}.Release Mono|x64.Build.0 = Release|x64
		{3A4143DA-D595-4D8B-B0FB-341A1B91B498}.Release|Any CPU.ActiveCfg = Release|Any CPU
		{3A4143DA-D595-4D8B-B0FB-341A1B91B498}.Release|Any CPU.Build.0 = Release|Any CPU
		{3A4143DA-D595-4D8B-B0FB-341A1B91B498}.Release|x64.ActiveCfg = Release|x64
		{3A4143DA-D595-4D8B-B0FB-341A1B91B498}.Release|x64.Build.0 = Release|x64
		{3A4143DA-D595-4D8B-B0FB-341A1B91B498}.x64|Any CPU.ActiveCfg = x64|Any CPU
		{3A4143DA-D595-4D8B-B0FB-341A1B91B498}.x64|Any CPU.Build.0 = x64|Any CPU
		{3A4143DA-D595-4D8B-B0FB-341A1B91B498}.x64|x64.ActiveCfg = x64|x64
		{3A4143DA-D595-4D8B-B0FB-341A1B91B498}.x64|x64.Build.0 = x64|x64
		{EB475B73-76DE-43FE-9396-D22327CECAEA}.Debug Mono|Any CPU.ActiveCfg = Debug|Any CPU
		{EB475B73-76DE-43FE-9396-D22327CECAEA}.Debug Mono|Any CPU.Build.0 = Debug|Any CPU
		{EB475B73-76DE-43FE-9396-D22327CECAEA}.Debug Mono|x64.ActiveCfg = Debug|x64
		{EB475B73-76DE-43FE-9396-D22327CECAEA}.Debug Mono|x64.Build.0 = Debug|x64
		{EB475B73-76DE-43FE-9396-D22327CECAEA}.Debug|Any CPU.ActiveCfg = Debug|Any CPU
		{EB475B73-76DE-43FE-9396-D22327CECAEA}.Debug|Any CPU.Build.0 = Debug|Any CPU
		{EB475B73-76DE-43FE-9396-D22327CECAEA}.Debug|x64.ActiveCfg = Debug|x64
		{EB475B73-76DE-43FE-9396-D22327CECAEA}.Debug|x64.Build.0 = Debug|x64
		{EB475B73-76DE-43FE-9396-D22327CECAEA}.Release Mono|Any CPU.ActiveCfg = Release|Any CPU
		{EB475B73-76DE-43FE-9396-D22327CECAEA}.Release Mono|Any CPU.Build.0 = Release|Any CPU
		{EB475B73-76DE-43FE-9396-D22327CECAEA}.Release Mono|x64.ActiveCfg = Release|x64
		{EB475B73-76DE-43FE-9396-D22327CECAEA}.Release Mono|x64.Build.0 = Release|x64
		{EB475B73-76DE-43FE-9396-D22327CECAEA}.Release|Any CPU.ActiveCfg = Release|Any CPU
		{EB475B73-76DE-43FE-9396-D22327CECAEA}.Release|Any CPU.Build.0 = Release|Any CPU
		{EB475B73-76DE-43FE-9396-D22327CECAEA}.Release|x64.ActiveCfg = Release|x64
		{EB475B73-76DE-43FE-9396-D22327CECAEA}.Release|x64.Build.0 = Release|x64
		{EB475B73-76DE-43FE-9396-D22327CECAEA}.x64|Any CPU.ActiveCfg = x64|Any CPU
		{EB475B73-76DE-43FE-9396-D22327CECAEA}.x64|Any CPU.Build.0 = x64|Any CPU
		{EB475B73-76DE-43FE-9396-D22327CECAEA}.x64|x64.ActiveCfg = x64|x64
		{EB475B73-76DE-43FE-9396-D22327CECAEA}.x64|x64.Build.0 = x64|x64
		{6FC5CE53-9259-47BA-B038-0DF100079DD2}.Debug Mono|Any CPU.ActiveCfg = Debug|Any CPU
		{6FC5CE53-9259-47BA-B038-0DF100079DD2}.Debug Mono|Any CPU.Build.0 = Debug|Any CPU
		{6FC5CE53-9259-47BA-B038-0DF100079DD2}.Debug Mono|x64.ActiveCfg = Debug|x64
		{6FC5CE53-9259-47BA-B038-0DF100079DD2}.Debug Mono|x64.Build.0 = Debug|x64
		{6FC5CE53-9259-47BA-B038-0DF100079DD2}.Debug|Any CPU.ActiveCfg = Debug|Any CPU
		{6FC5CE53-9259-47BA-B038-0DF100079DD2}.Debug|Any CPU.Build.0 = Debug|Any CPU
		{6FC5CE53-9259-47BA-B038-0DF100079DD2}.Debug|x64.ActiveCfg = Debug|x64
		{6FC5CE53-9259-47BA-B038-0DF100079DD2}.Debug|x64.Build.0 = Debug|x64
		{6FC5CE53-9259-47BA-B038-0DF100079DD2}.Release Mono|Any CPU.ActiveCfg = Release|Any CPU
		{6FC5CE53-9259-47BA-B038-0DF100079DD2}.Release Mono|Any CPU.Build.0 = Release|Any CPU
		{6FC5CE53-9259-47BA-B038-0DF100079DD2}.Release Mono|x64.ActiveCfg = Release|x64
		{6FC5CE53-9259-47BA-B038-0DF100079DD2}.Release Mono|x64.Build.0 = Release|x64
		{6FC5CE53-9259-47BA-B038-0DF100079DD2}.Release|Any CPU.ActiveCfg = Release|Any CPU
		{6FC5CE53-9259-47BA-B038-0DF100079DD2}.Release|Any CPU.Build.0 = Release|Any CPU
		{6FC5CE53-9259-47BA-B038-0DF100079DD2}.Release|x64.ActiveCfg = Release|x64
		{6FC5CE53-9259-47BA-B038-0DF100079DD2}.Release|x64.Build.0 = Release|x64
		{6FC5CE53-9259-47BA-B038-0DF100079DD2}.x64|Any CPU.ActiveCfg = x64|Any CPU
		{6FC5CE53-9259-47BA-B038-0DF100079DD2}.x64|Any CPU.Build.0 = x64|Any CPU
		{6FC5CE53-9259-47BA-B038-0DF100079DD2}.x64|x64.ActiveCfg = x64|x64
		{6FC5CE53-9259-47BA-B038-0DF100079DD2}.x64|x64.Build.0 = x64|x64
		{EE30C9AA-95E1-4329-9D47-86F1D6A288E3}.Debug Mono|Any CPU.ActiveCfg = Debug|Any CPU
		{EE30C9AA-95E1-4329-9D47-86F1D6A288E3}.Debug Mono|Any CPU.Build.0 = Debug|Any CPU
		{EE30C9AA-95E1-4329-9D47-86F1D6A288E3}.Debug Mono|x64.ActiveCfg = Debug|x64
		{EE30C9AA-95E1-4329-9D47-86F1D6A288E3}.Debug Mono|x64.Build.0 = Debug|x64
		{EE30C9AA-95E1-4329-9D47-86F1D6A288E3}.Debug|Any CPU.ActiveCfg = Debug|Any CPU
		{EE30C9AA-95E1-4329-9D47-86F1D6A288E3}.Debug|Any CPU.Build.0 = Debug|Any CPU
		{EE30C9AA-95E1-4329-9D47-86F1D6A288E3}.Debug|x64.ActiveCfg = Debug|x64
		{EE30C9AA-95E1-4329-9D47-86F1D6A288E3}.Debug|x64.Build.0 = Debug|x64
		{EE30C9AA-95E1-4329-9D47-86F1D6A288E3}.Release Mono|Any CPU.ActiveCfg = Release|Any CPU
		{EE30C9AA-95E1-4329-9D47-86F1D6A288E3}.Release Mono|Any CPU.Build.0 = Release|Any CPU
		{EE30C9AA-95E1-4329-9D47-86F1D6A288E3}.Release Mono|x64.ActiveCfg = Release|x64
		{EE30C9AA-95E1-4329-9D47-86F1D6A288E3}.Release Mono|x64.Build.0 = Release|x64
		{EE30C9AA-95E1-4329-9D47-86F1D6A288E3}.Release|Any CPU.ActiveCfg = Release|Any CPU
		{EE30C9AA-95E1-4329-9D47-86F1D6A288E3}.Release|Any CPU.Build.0 = Release|Any CPU
		{EE30C9AA-95E1-4329-9D47-86F1D6A288E3}.Release|x64.ActiveCfg = Release|x64
		{EE30C9AA-95E1-4329-9D47-86F1D6A288E3}.Release|x64.Build.0 = Release|x64
		{EE30C9AA-95E1-4329-9D47-86F1D6A288E3}.x64|Any CPU.ActiveCfg = x64|Any CPU
		{EE30C9AA-95E1-4329-9D47-86F1D6A288E3}.x64|Any CPU.Build.0 = x64|Any CPU
		{EE30C9AA-95E1-4329-9D47-86F1D6A288E3}.x64|x64.ActiveCfg = x64|x64
		{EE30C9AA-95E1-4329-9D47-86F1D6A288E3}.x64|x64.Build.0 = x64|x64
		{D6372D04-3C9C-4890-A797-671D443092B3}.Debug Mono|Any CPU.ActiveCfg = Debug|Any CPU
		{D6372D04-3C9C-4890-A797-671D443092B3}.Debug Mono|Any CPU.Build.0 = Debug|Any CPU
		{D6372D04-3C9C-4890-A797-671D443092B3}.Debug Mono|x64.ActiveCfg = Debug|x64
		{D6372D04-3C9C-4890-A797-671D443092B3}.Debug Mono|x64.Build.0 = Debug|x64
		{D6372D04-3C9C-4890-A797-671D443092B3}.Debug|Any CPU.ActiveCfg = Debug|Any CPU
		{D6372D04-3C9C-4890-A797-671D443092B3}.Debug|Any CPU.Build.0 = Debug|Any CPU
		{D6372D04-3C9C-4890-A797-671D443092B3}.Debug|x64.ActiveCfg = Debug|x64
		{D6372D04-3C9C-4890-A797-671D443092B3}.Debug|x64.Build.0 = Debug|x64
		{D6372D04-3C9C-4890-A797-671D443092B3}.Release Mono|Any CPU.ActiveCfg = Release|Any CPU
		{D6372D04-3C9C-4890-A797-671D443092B3}.Release Mono|Any CPU.Build.0 = Release|Any CPU
		{D6372D04-3C9C-4890-A797-671D443092B3}.Release Mono|x64.ActiveCfg = Release|x64
		{D6372D04-3C9C-4890-A797-671D443092B3}.Release Mono|x64.Build.0 = Release|x64
		{D6372D04-3C9C-4890-A797-671D443092B3}.Release|Any CPU.ActiveCfg = Release|Any CPU
		{D6372D04-3C9C-4890-A797-671D443092B3}.Release|Any CPU.Build.0 = Release|Any CPU
		{D6372D04-3C9C-4890-A797-671D443092B3}.Release|x64.ActiveCfg = Release|x64
		{D6372D04-3C9C-4890-A797-671D443092B3}.Release|x64.Build.0 = Release|x64
		{D6372D04-3C9C-4890-A797-671D443092B3}.x64|Any CPU.ActiveCfg = x64|Any CPU
		{D6372D04-3C9C-4890-A797-671D443092B3}.x64|Any CPU.Build.0 = x64|Any CPU
		{D6372D04-3C9C-4890-A797-671D443092B3}.x64|x64.ActiveCfg = x64|x64
		{D6372D04-3C9C-4890-A797-671D443092B3}.x64|x64.Build.0 = x64|x64
		{A6AA7149-25C8-4DBE-ACE9-98FDD7661D38}.Debug Mono|Any CPU.ActiveCfg = Debug|Any CPU
		{A6AA7149-25C8-4DBE-ACE9-98FDD7661D38}.Debug Mono|Any CPU.Build.0 = Debug|Any CPU
		{A6AA7149-25C8-4DBE-ACE9-98FDD7661D38}.Debug Mono|x64.ActiveCfg = Debug|x64
		{A6AA7149-25C8-4DBE-ACE9-98FDD7661D38}.Debug Mono|x64.Build.0 = Debug|x64
		{A6AA7149-25C8-4DBE-ACE9-98FDD7661D38}.Debug|Any CPU.ActiveCfg = Debug|Any CPU
		{A6AA7149-25C8-4DBE-ACE9-98FDD7661D38}.Debug|Any CPU.Build.0 = Debug|Any CPU
		{A6AA7149-25C8-4DBE-ACE9-98FDD7661D38}.Debug|x64.ActiveCfg = Debug|x64
		{A6AA7149-25C8-4DBE-ACE9-98FDD7661D38}.Debug|x64.Build.0 = Debug|x64
		{A6AA7149-25C8-4DBE-ACE9-98FDD7661D38}.Release Mono|Any CPU.ActiveCfg = Release|Any CPU
		{A6AA7149-25C8-4DBE-ACE9-98FDD7661D38}.Release Mono|Any CPU.Build.0 = Release|Any CPU
		{A6AA7149-25C8-4DBE-ACE9-98FDD7661D38}.Release Mono|x64.ActiveCfg = Release|x64
		{A6AA7149-25C8-4DBE-ACE9-98FDD7661D38}.Release Mono|x64.Build.0 = Release|x64
		{A6AA7149-25C8-4DBE-ACE9-98FDD7661D38}.Release|Any CPU.ActiveCfg = Release|Any CPU
		{A6AA7149-25C8-4DBE-ACE9-98FDD7661D38}.Release|Any CPU.Build.0 = Release|Any CPU
		{A6AA7149-25C8-4DBE-ACE9-98FDD7661D38}.Release|x64.ActiveCfg = Release|x64
		{A6AA7149-25C8-4DBE-ACE9-98FDD7661D38}.Release|x64.Build.0 = Release|x64
		{A6AA7149-25C8-4DBE-ACE9-98FDD7661D38}.x64|Any CPU.ActiveCfg = x64|Any CPU
		{A6AA7149-25C8-4DBE-ACE9-98FDD7661D38}.x64|Any CPU.Build.0 = x64|Any CPU
		{A6AA7149-25C8-4DBE-ACE9-98FDD7661D38}.x64|x64.ActiveCfg = x64|x64
		{A6AA7149-25C8-4DBE-ACE9-98FDD7661D38}.x64|x64.Build.0 = x64|x64
		{64D52668-0570-4934-B447-DC3527CC366A}.Debug Mono|Any CPU.ActiveCfg = Debug|Any CPU
		{64D52668-0570-4934-B447-DC3527CC366A}.Debug Mono|Any CPU.Build.0 = Debug|Any CPU
		{64D52668-0570-4934-B447-DC3527CC366A}.Debug Mono|x64.ActiveCfg = Debug|x64
		{64D52668-0570-4934-B447-DC3527CC366A}.Debug Mono|x64.Build.0 = Debug|x64
		{64D52668-0570-4934-B447-DC3527CC366A}.Debug|Any CPU.ActiveCfg = Debug|Any CPU
		{64D52668-0570-4934-B447-DC3527CC366A}.Debug|Any CPU.Build.0 = Debug|Any CPU
		{64D52668-0570-4934-B447-DC3527CC366A}.Debug|x64.ActiveCfg = Debug|x64
		{64D52668-0570-4934-B447-DC3527CC366A}.Debug|x64.Build.0 = Debug|x64
		{64D52668-0570-4934-B447-DC3527CC366A}.Release Mono|Any CPU.ActiveCfg = Release|Any CPU
		{64D52668-0570-4934-B447-DC3527CC366A}.Release Mono|Any CPU.Build.0 = Release|Any CPU
		{64D52668-0570-4934-B447-DC3527CC366A}.Release Mono|x64.ActiveCfg = Release|x64
		{64D52668-0570-4934-B447-DC3527CC366A}.Release Mono|x64.Build.0 = Release|x64
		{64D52668-0570-4934-B447-DC3527CC366A}.Release|Any CPU.ActiveCfg = Release|Any CPU
		{64D52668-0570-4934-B447-DC3527CC366A}.Release|Any CPU.Build.0 = Release|Any CPU
		{64D52668-0570-4934-B447-DC3527CC366A}.Release|x64.ActiveCfg = Release|x64
		{64D52668-0570-4934-B447-DC3527CC366A}.Release|x64.Build.0 = Release|x64
		{64D52668-0570-4934-B447-DC3527CC366A}.x64|Any CPU.ActiveCfg = x64|Any CPU
		{64D52668-0570-4934-B447-DC3527CC366A}.x64|Any CPU.Build.0 = x64|Any CPU
		{64D52668-0570-4934-B447-DC3527CC366A}.x64|x64.ActiveCfg = x64|x64
		{64D52668-0570-4934-B447-DC3527CC366A}.x64|x64.Build.0 = x64|x64
		{3C16668D-86D0-424B-97AB-AF5868B6943E}.Debug Mono|Any CPU.ActiveCfg = Debug|Any CPU
		{3C16668D-86D0-424B-97AB-AF5868B6943E}.Debug Mono|Any CPU.Build.0 = Debug|Any CPU
		{3C16668D-86D0-424B-97AB-AF5868B6943E}.Debug Mono|x64.ActiveCfg = Debug|Any CPU
		{3C16668D-86D0-424B-97AB-AF5868B6943E}.Debug|Any CPU.ActiveCfg = Debug|Any CPU
		{3C16668D-86D0-424B-97AB-AF5868B6943E}.Debug|Any CPU.Build.0 = Debug|Any CPU
		{3C16668D-86D0-424B-97AB-AF5868B6943E}.Debug|x64.ActiveCfg = Debug|Any CPU
		{3C16668D-86D0-424B-97AB-AF5868B6943E}.Release Mono|Any CPU.ActiveCfg = Release|Any CPU
		{3C16668D-86D0-424B-97AB-AF5868B6943E}.Release Mono|Any CPU.Build.0 = Release|Any CPU
		{3C16668D-86D0-424B-97AB-AF5868B6943E}.Release Mono|x64.ActiveCfg = Release|Any CPU
		{3C16668D-86D0-424B-97AB-AF5868B6943E}.Release|Any CPU.ActiveCfg = Release|Any CPU
		{3C16668D-86D0-424B-97AB-AF5868B6943E}.Release|Any CPU.Build.0 = Release|Any CPU
		{3C16668D-86D0-424B-97AB-AF5868B6943E}.Release|x64.ActiveCfg = Release|Any CPU
		{3C16668D-86D0-424B-97AB-AF5868B6943E}.x64|Any CPU.ActiveCfg = Release|Any CPU
		{3C16668D-86D0-424B-97AB-AF5868B6943E}.x64|Any CPU.Build.0 = Release|Any CPU
		{3C16668D-86D0-424B-97AB-AF5868B6943E}.x64|x64.ActiveCfg = Release|Any CPU
	EndGlobalSection
	GlobalSection(SolutionProperties) = preSolution
		HideSolutionNode = FALSE
	EndGlobalSection
	GlobalSection(NestedProjects) = preSolution
		{819221CB-82B7-43D3-A4DE-E00AF17F2FDF} = {3AA1E79A-F641-4115-BF84-96ECE552EC95}
		{69AED1DD-02E1-423F-950C-DE6010DFA346} = {3AA1E79A-F641-4115-BF84-96ECE552EC95}
		{3AA1E79A-F641-4115-BF84-96ECE552EC95} = {69279534-1DBA-4115-BF8B-03F77FC8125E}
		{7FD886CC-216B-4324-9AB2-241494598B06} = {3AA1E79A-F641-4115-BF84-96ECE552EC95}
		{E814B432-DBC2-4372-92C6-70B9198613BD} = {69279534-1DBA-4115-BF8B-03F77FC8125E}
		{45215639-D279-49B4-B11E-0337D1FE9364} = {69279534-1DBA-4115-BF8B-03F77FC8125E}
		{2CEC4A63-31ED-44E8-B1A6-7EEEB190117D} = {45215639-D279-49B4-B11E-0337D1FE9364}
		{D92D674A-7671-4D26-B3C5-ADB7EF220CFD} = {69279534-1DBA-4115-BF8B-03F77FC8125E}
		{3007A692-A050-4F12-9187-4AE6C6106A66} = {D92D674A-7671-4D26-B3C5-ADB7EF220CFD}
		{B555BA52-1911-426B-8018-D303D7228748} = {69279534-1DBA-4115-BF8B-03F77FC8125E}
		{93EDACD8-F6BA-43A7-9FD7-D3D4156ADBC0} = {B555BA52-1911-426B-8018-D303D7228748}
		{14873709-8C2E-485E-BF74-2423227DB59B} = {B555BA52-1911-426B-8018-D303D7228748}
		{56B7C019-AA7A-4194-AFA5-3D3F1A4B6393} = {B555BA52-1911-426B-8018-D303D7228748}
		{104D8378-117D-411F-B921-BFBFBC55B46B} = {FFEC736B-EDA3-433C-8564-7C14676601A1}
		{D0AC89AC-E6AB-4B16-BFBA-64C675D17ABD} = {01167D3C-49C4-4CDE-9787-C176D139ACDD}
		{95E921AB-1F5A-4AF9-B7FE-284E317A97F4} = {01167D3C-49C4-4CDE-9787-C176D139ACDD}
		{0D3CBAD0-BBDB-43E5-AFC4-ED1D3ECDC224} = {01167D3C-49C4-4CDE-9787-C176D139ACDD}
		{3F786C7D-70E3-4836-8B33-EC9A5AF72330} = {01167D3C-49C4-4CDE-9787-C176D139ACDD}
		{EA4FF8FD-7C53-49C8-B9AA-02E458B3E6A7} = {01167D3C-49C4-4CDE-9787-C176D139ACDD}
		{81574240-BC31-4BE4-B447-ADF0D32F4246} = {01167D3C-49C4-4CDE-9787-C176D139ACDD}
		{5DEDDF90-37F0-48D3-A0B0-A5CBD8A7E377} = {01167D3C-49C4-4CDE-9787-C176D139ACDD}
		{19993C0B-8F9D-4FE4-B047-45965EA66BA2} = {E814B432-DBC2-4372-92C6-70B9198613BD}
		{956F7D26-4505-4A26-86D0-73135BD35A93} = {73108242-625A-4D7B-AA09-63375DBAE464}
		{E17B704F-3DF0-4723-8E83-43DC8D33997A} = {69279534-1DBA-4115-BF8B-03F77FC8125E}
		{EB9BEE97-7B2C-44B7-8636-237A8E4171C7} = {E17B704F-3DF0-4723-8E83-43DC8D33997A}
		{3D7C22A1-E999-4B01-BE94-9C54B31A4FF1} = {E17B704F-3DF0-4723-8E83-43DC8D33997A}
		{A8AA2D7E-3D35-44DF-AF92-80A2C39C1F4D} = {588C1513-FAB6-42C3-B6FC-3485F13620CF}
		{FFEC736B-EDA3-433C-8564-7C14676601A1} = {588C1513-FAB6-42C3-B6FC-3485F13620CF}
		{D2BED2D5-B152-48C1-9818-1097BECDDF98} = {01167D3C-49C4-4CDE-9787-C176D139ACDD}
		{03868690-EC4F-4D7C-AA32-1CD25AB6959C} = {99254FFA-7312-446A-B2D4-5FCC4FA9A13A}
		{746B8F98-712D-4BEF-9922-AC09CCAEF5AD} = {03868690-EC4F-4D7C-AA32-1CD25AB6959C}
		{F65BB959-0ED7-477B-A390-E7194361F18F} = {99254FFA-7312-446A-B2D4-5FCC4FA9A13A}
		{FFE2828D-05FC-42CD-A7C9-97CB57E40BA0} = {99254FFA-7312-446A-B2D4-5FCC4FA9A13A}
		{75192C94-78AF-4E2D-B6CB-4BA6A289FE79} = {99254FFA-7312-446A-B2D4-5FCC4FA9A13A}
		{2C6A9E1F-87D2-4AEF-B872-8ABAD5B16CBE} = {75192C94-78AF-4E2D-B6CB-4BA6A289FE79}
		{3A4143DA-D595-4D8B-B0FB-341A1B91B498} = {FFE2828D-05FC-42CD-A7C9-97CB57E40BA0}
		{EB475B73-76DE-43FE-9396-D22327CECAEA} = {FFE2828D-05FC-42CD-A7C9-97CB57E40BA0}
		{6FC5CE53-9259-47BA-B038-0DF100079DD2} = {F65BB959-0ED7-477B-A390-E7194361F18F}
		{EE30C9AA-95E1-4329-9D47-86F1D6A288E3} = {F65BB959-0ED7-477B-A390-E7194361F18F}
		{D6372D04-3C9C-4890-A797-671D443092B3} = {F65BB959-0ED7-477B-A390-E7194361F18F}
		{A6AA7149-25C8-4DBE-ACE9-98FDD7661D38} = {F65BB959-0ED7-477B-A390-E7194361F18F}
		{9B1A6AAE-5755-4164-B68D-1F8E1E7255A7} = {99254FFA-7312-446A-B2D4-5FCC4FA9A13A}
		{64D52668-0570-4934-B447-DC3527CC366A} = {9B1A6AAE-5755-4164-B68D-1F8E1E7255A7}
		{3C16668D-86D0-424B-97AB-AF5868B6943E} = {F65BB959-0ED7-477B-A390-E7194361F18F}
	EndGlobalSection
EndGlobal
